
Microsoft Visual Studio Solution File, Format Version 12.00
# Visual Studio Version 16
VisualStudioVersion = 16.0.28803.352
MinimumVisualStudioVersion = 10.0.40219.1
Project("{FAE04EC0-301F-11D3-BF4B-00C04F79EFBC}") = "LeafInc", "LeafInc\LeafInc.csproj", "{61023BD7-FDD6-49D1-8371-923D7C1280C9}"
EndProject
Project("{FAE04EC0-301F-11D3-BF4B-00C04F79EFBC}") = "LeafInc.Tests", "LeafInc.Tests\LeafInc.Tests.csproj", "{24A5D3C0-2D26-499F-ACB3-13FF7FE5D8A9}"
EndProject
Global
	GlobalSection(SolutionConfigurationPlatforms) = preSolution
		Debug|Any CPU = Debug|Any CPU
		Release|Any CPU = Release|Any CPU
	EndGlobalSection
	GlobalSection(ProjectConfigurationPlatforms) = postSolution
		{61023BD7-FDD6-49D1-8371-923D7C1280C9}.Debug|Any CPU.ActiveCfg = Debug|Any CPU
		{61023BD7-FDD6-49D1-8371-923D7C1280C9}.Debug|Any CPU.Build.0 = Debug|Any CPU
		{61023BD7-FDD6-49D1-8371-923D7C1280C9}.Release|Any CPU.ActiveCfg = Release|Any CPU
		{61023BD7-FDD6-49D1-8371-923D7C1280C9}.Release|Any CPU.Build.0 = Release|Any CPU
		{24A5D3C0-2D26-499F-ACB3-13FF7FE5D8A9}.Debug|Any CPU.ActiveCfg = Debug|Any CPU
		{24A5D3C0-2D26-499F-ACB3-13FF7FE5D8A9}.Debug|Any CPU.Build.0 = Debug|Any CPU
		{24A5D3C0-2D26-499F-ACB3-13FF7FE5D8A9}.Release|Any CPU.ActiveCfg = Release|Any CPU
		{24A5D3C0-2D26-499F-ACB3-13FF7FE5D8A9}.Release|Any CPU.Build.0 = Release|Any CPU
	EndGlobalSection
	GlobalSection(SolutionProperties) = preSolution
		HideSolutionNode = FALSE
	EndGlobalSection
	GlobalSection(ExtensibilityGlobals) = postSolution
		SolutionGuid = {7D668E4B-AFD2-4FEE-AE27-C96517C7324B}
	EndGlobalSection
EndGlobal
